// !$*UTF8*$!
{
	archiveVersion = 1;
	classes = {
	};
	objectVersion = 46;
	objects = {

/* Begin PBXBuildFile section */
		EB50FA291ED8506700722C25 /* Countries.bundle in Resources */ = {isa = PBXBuildFile; fileRef = EB50FA271ED8506700722C25 /* Countries.bundle */; };
		EB50FA2A1ED8506700722C25 /* CountriesViewController.storyboard in Resources */ = {isa = PBXBuildFile; fileRef = EB50FA281ED8506700722C25 /* CountriesViewController.storyboard */; };
		EB5621461F50B3B100398954 /* TextFieldWithPattern.swift in Sources */ = {isa = PBXBuildFile; fileRef = EB5621451F50B3B100398954 /* TextFieldWithPattern.swift */; };
		EB8491351ED435260069CD20 /* AppDelegate.swift in Sources */ = {isa = PBXBuildFile; fileRef = EB8491341ED435260069CD20 /* AppDelegate.swift */; };
		EB8491371ED435260069CD20 /* ExampleViewController.swift in Sources */ = {isa = PBXBuildFile; fileRef = EB8491361ED435260069CD20 /* ExampleViewController.swift */; };
		EB84913A1ED435260069CD20 /* Main.storyboard in Resources */ = {isa = PBXBuildFile; fileRef = EB8491381ED435260069CD20 /* Main.storyboard */; };
		EB84913C1ED435260069CD20 /* Assets.xcassets in Resources */ = {isa = PBXBuildFile; fileRef = EB84913B1ED435260069CD20 /* Assets.xcassets */; };
		EB84913F1ED435260069CD20 /* LaunchScreen.storyboard in Resources */ = {isa = PBXBuildFile; fileRef = EB84913D1ED435260069CD20 /* LaunchScreen.storyboard */; };
		EB8491B01ED435AB0069CD20 /* CountriesViewController.swift in Sources */ = {isa = PBXBuildFile; fileRef = EB8491661ED435AB0069CD20 /* CountriesViewController.swift */; };
		EB8491D91ED435AB0069CD20 /* Country.swift in Sources */ = {isa = PBXBuildFile; fileRef = EB84919D1ED435AB0069CD20 /* Country.swift */; };
		EB8491E71ED4370E0069CD20 /* NKVPhonePickerTextField.swift in Sources */ = {isa = PBXBuildFile; fileRef = EB8491E61ED4370E0069CD20 /* NKVPhonePickerTextField.swift */; };
		EB8492001ED467FE0069CD20 /* NKVFlagView.swift in Sources */ = {isa = PBXBuildFile; fileRef = EB8491FF1ED467FE0069CD20 /* NKVFlagView.swift */; };
		EBD53F561ED6E64F007510E3 /* NKVPhoneFormatter.swift in Sources */ = {isa = PBXBuildFile; fileRef = EBD53F551ED6E64F007510E3 /* NKVPhoneFormatter.swift */; };
		EBD53F5A1ED73C0F007510E3 /* README.md in Sources */ = {isa = PBXBuildFile; fileRef = EBD53F581ED73C0F007510E3 /* README.md */; };
		EBD53F601ED829A3007510E3 /* NKVPhonePicker.podspec in Resources */ = {isa = PBXBuildFile; fileRef = EBD53F5F1ED829A3007510E3 /* NKVPhonePicker.podspec */; };
		EBD60A681ED5D4170039A3AE /* NKVLocalizationHelper.swift in Sources */ = {isa = PBXBuildFile; fileRef = EBD60A671ED5D4170039A3AE /* NKVLocalizationHelper.swift */; };
		EBEEE4E41ED62319007F9981 /* NKVSourcesHelper.swift in Sources */ = {isa = PBXBuildFile; fileRef = EBEEE4E31ED62319007F9981 /* NKVSourcesHelper.swift */; };
/* End PBXBuildFile section */

/* Begin PBXFileReference section */
		EB50FA271ED8506700722C25 /* Countries.bundle */ = {isa = PBXFileReference; lastKnownFileType = "wrapper.plug-in"; name = Countries.bundle; path = Bundle/Countries.bundle; sourceTree = "<group>"; };
		EB50FA281ED8506700722C25 /* CountriesViewController.storyboard */ = {isa = PBXFileReference; fileEncoding = 4; lastKnownFileType = file.storyboard; name = CountriesViewController.storyboard; path = Bundle/CountriesViewController.storyboard; sourceTree = "<group>"; };
		EB5621451F50B3B100398954 /* TextFieldWithPattern.swift */ = {isa = PBXFileReference; fileEncoding = 4; lastKnownFileType = sourcecode.swift; path = TextFieldWithPattern.swift; sourceTree = "<group>"; };
		EB8491311ED435260069CD20 /* NKVPhonePicker.app */ = {isa = PBXFileReference; explicitFileType = wrapper.application; includeInIndex = 0; path = NKVPhonePicker.app; sourceTree = BUILT_PRODUCTS_DIR; };
		EB8491341ED435260069CD20 /* AppDelegate.swift */ = {isa = PBXFileReference; lastKnownFileType = sourcecode.swift; path = AppDelegate.swift; sourceTree = "<group>"; };
		EB8491361ED435260069CD20 /* ExampleViewController.swift */ = {isa = PBXFileReference; lastKnownFileType = sourcecode.swift; path = ExampleViewController.swift; sourceTree = "<group>"; };
		EB8491391ED435260069CD20 /* Base */ = {isa = PBXFileReference; lastKnownFileType = file.storyboard; name = Base; path = Base.lproj/Main.storyboard; sourceTree = "<group>"; };
		EB84913B1ED435260069CD20 /* Assets.xcassets */ = {isa = PBXFileReference; lastKnownFileType = folder.assetcatalog; path = Assets.xcassets; sourceTree = "<group>"; };
		EB84913E1ED435260069CD20 /* Base */ = {isa = PBXFileReference; lastKnownFileType = file.storyboard; name = Base; path = Base.lproj/LaunchScreen.storyboard; sourceTree = "<group>"; };
		EB8491401ED435260069CD20 /* Info.plist */ = {isa = PBXFileReference; lastKnownFileType = text.plist.xml; path = Info.plist; sourceTree = "<group>"; };
		EB8491661ED435AB0069CD20 /* CountriesViewController.swift */ = {isa = PBXFileReference; fileEncoding = 4; lastKnownFileType = sourcecode.swift; path = CountriesViewController.swift; sourceTree = "<group>"; };
		EB84919D1ED435AB0069CD20 /* Country.swift */ = {isa = PBXFileReference; fileEncoding = 4; lastKnownFileType = sourcecode.swift; path = Country.swift; sourceTree = "<group>"; };
		EB8491E61ED4370E0069CD20 /* NKVPhonePickerTextField.swift */ = {isa = PBXFileReference; fileEncoding = 4; lastKnownFileType = sourcecode.swift; path = NKVPhonePickerTextField.swift; sourceTree = "<group>"; };
		EB8491FF1ED467FE0069CD20 /* NKVFlagView.swift */ = {isa = PBXFileReference; fileEncoding = 4; lastKnownFileType = sourcecode.swift; path = NKVFlagView.swift; sourceTree = "<group>"; };
		EBD53F551ED6E64F007510E3 /* NKVPhoneFormatter.swift */ = {isa = PBXFileReference; fileEncoding = 4; lastKnownFileType = sourcecode.swift; path = NKVPhoneFormatter.swift; sourceTree = "<group>"; };
		EBD53F581ED73C0F007510E3 /* README.md */ = {isa = PBXFileReference; fileEncoding = 4; lastKnownFileType = net.daringfireball.markdown; path = README.md; sourceTree = "<group>"; };
		EBD53F5F1ED829A3007510E3 /* NKVPhonePicker.podspec */ = {isa = PBXFileReference; fileEncoding = 4; lastKnownFileType = text; path = NKVPhonePicker.podspec; sourceTree = SOURCE_ROOT; };
		EBD60A671ED5D4170039A3AE /* NKVLocalizationHelper.swift */ = {isa = PBXFileReference; fileEncoding = 4; lastKnownFileType = sourcecode.swift; path = NKVLocalizationHelper.swift; sourceTree = "<group>"; };
		EBEEE4E31ED62319007F9981 /* NKVSourcesHelper.swift */ = {isa = PBXFileReference; fileEncoding = 4; lastKnownFileType = sourcecode.swift; path = NKVSourcesHelper.swift; sourceTree = "<group>"; };
/* End PBXFileReference section */

/* Begin PBXFrameworksBuildPhase section */
		EB84912E1ED435260069CD20 /* Frameworks */ = {
			isa = PBXFrameworksBuildPhase;
			buildActionMask = 2147483647;
			files = (
			);
			runOnlyForDeploymentPostprocessing = 0;
		};
/* End PBXFrameworksBuildPhase section */

/* Begin PBXGroup section */
		EB50FA261ED8502E00722C25 /* Bundles */ = {
			isa = PBXGroup;
			children = (
				EB50FA271ED8506700722C25 /* Countries.bundle */,
				EB50FA281ED8506700722C25 /* CountriesViewController.storyboard */,
			);
			name = Bundles;
			sourceTree = "<group>";
		};
		EB8491281ED435260069CD20 = {
			isa = PBXGroup;
			children = (
				EB8491481ED435920069CD20 /* Info */,
				EB8491471ED4358B0069CD20 /* Sources */,
				EB8491461ED4357C0069CD20 /* Example */,
				EB8491321ED435260069CD20 /* Products */,
			);
			sourceTree = "<group>";
		};
		EB8491321ED435260069CD20 /* Products */ = {
			isa = PBXGroup;
			children = (
				EB8491311ED435260069CD20 /* NKVPhonePicker.app */,
			);
			name = Products;
			sourceTree = "<group>";
		};
		EB8491461ED4357C0069CD20 /* Example */ = {
			isa = PBXGroup;
			children = (
				EB8491341ED435260069CD20 /* AppDelegate.swift */,
				EB8491361ED435260069CD20 /* ExampleViewController.swift */,
				EB84913B1ED435260069CD20 /* Assets.xcassets */,
				EB8491381ED435260069CD20 /* Main.storyboard */,
				EB84913D1ED435260069CD20 /* LaunchScreen.storyboard */,
				EB8491401ED435260069CD20 /* Info.plist */,
			);
			path = Example;
			sourceTree = "<group>";
		};
		EB8491471ED4358B0069CD20 /* Sources */ = {
			isa = PBXGroup;
			children = (
				EB50FA261ED8502E00722C25 /* Bundles */,
				EBEEE4E51ED62359007F9981 /* Helpers */,
				EB8491E51ED436140069CD20 /* Views */,
				EB8491E31ED435F70069CD20 /* Models */,
			);
			path = Sources;
			sourceTree = "<group>";
		};
		EB8491481ED435920069CD20 /* Info */ = {
			isa = PBXGroup;
			children = (
				EBD53F5F1ED829A3007510E3 /* NKVPhonePicker.podspec */,
				EBD53F581ED73C0F007510E3 /* README.md */,
			);
			name = Info;
			path = Podspec;
			sourceTree = "<group>";
		};
		EB8491E31ED435F70069CD20 /* Models */ = {
			isa = PBXGroup;
			children = (
				EB84919D1ED435AB0069CD20 /* Country.swift */,
			);
			path = Models;
			sourceTree = "<group>";
		};
		EB8491E51ED436140069CD20 /* Views */ = {
			isa = PBXGroup;
			children = (
				EB8491661ED435AB0069CD20 /* CountriesViewController.swift */,
				EB8491FF1ED467FE0069CD20 /* NKVFlagView.swift */,
				EB8491E61ED4370E0069CD20 /* NKVPhonePickerTextField.swift */,
				EB5621451F50B3B100398954 /* TextFieldWithPattern.swift */,
			);
			path = Views;
			sourceTree = "<group>";
		};
		EBEEE4E51ED62359007F9981 /* Helpers */ = {
			isa = PBXGroup;
			children = (
				EBD60A671ED5D4170039A3AE /* NKVLocalizationHelper.swift */,
				EBEEE4E31ED62319007F9981 /* NKVSourcesHelper.swift */,
				EBD53F551ED6E64F007510E3 /* NKVPhoneFormatter.swift */,
			);
			path = Helpers;
			sourceTree = "<group>";
		};
/* End PBXGroup section */

/* Begin PBXNativeTarget section */
		EB8491301ED435260069CD20 /* NKVPhonePicker */ = {
			isa = PBXNativeTarget;
			buildConfigurationList = EB8491431ED435260069CD20 /* Build configuration list for PBXNativeTarget "NKVPhonePicker" */;
			buildPhases = (
				EB84912D1ED435260069CD20 /* Sources */,
				EB84912E1ED435260069CD20 /* Frameworks */,
				EB84912F1ED435260069CD20 /* Resources */,
			);
			buildRules = (
			);
			dependencies = (
			);
			name = NKVPhonePicker;
			productName = NKVPhonePicker;
			productReference = EB8491311ED435260069CD20 /* NKVPhonePicker.app */;
			productType = "com.apple.product-type.application";
		};
/* End PBXNativeTarget section */

/* Begin PBXProject section */
		EB8491291ED435260069CD20 /* Project object */ = {
			isa = PBXProject;
			attributes = {
				LastSwiftUpdateCheck = 0830;
				LastUpgradeCheck = 0830;
				ORGANIZATIONNAME = nik.kov;
				TargetAttributes = {
					EB8491301ED435260069CD20 = {
						CreatedOnToolsVersion = 8.3;
						DevelopmentTeam = T4Q29AP976;
						ProvisioningStyle = Automatic;
					};
				};
			};
			buildConfigurationList = EB84912C1ED435260069CD20 /* Build configuration list for PBXProject "NKVPhonePicker" */;
			compatibilityVersion = "Xcode 3.2";
			developmentRegion = English;
			hasScannedForEncodings = 0;
			knownRegions = (
				en,
				Base,
			);
			mainGroup = EB8491281ED435260069CD20;
			productRefGroup = EB8491321ED435260069CD20 /* Products */;
			projectDirPath = "";
			projectRoot = "";
			targets = (
				EB8491301ED435260069CD20 /* NKVPhonePicker */,
			);
		};
/* End PBXProject section */

/* Begin PBXResourcesBuildPhase section */
		EB84912F1ED435260069CD20 /* Resources */ = {
			isa = PBXResourcesBuildPhase;
			buildActionMask = 2147483647;
			files = (
				EB84913F1ED435260069CD20 /* LaunchScreen.storyboard in Resources */,
				EB84913C1ED435260069CD20 /* Assets.xcassets in Resources */,
				EB84913A1ED435260069CD20 /* Main.storyboard in Resources */,
				EB50FA291ED8506700722C25 /* Countries.bundle in Resources */,
				EB50FA2A1ED8506700722C25 /* CountriesViewController.storyboard in Resources */,
				EBD53F601ED829A3007510E3 /* NKVPhonePicker.podspec in Resources */,
			);
			runOnlyForDeploymentPostprocessing = 0;
		};
/* End PBXResourcesBuildPhase section */

/* Begin PBXSourcesBuildPhase section */
		EB84912D1ED435260069CD20 /* Sources */ = {
			isa = PBXSourcesBuildPhase;
			buildActionMask = 2147483647;
			files = (
				EB8491E71ED4370E0069CD20 /* NKVPhonePickerTextField.swift in Sources */,
				EB8491B01ED435AB0069CD20 /* CountriesViewController.swift in Sources */,
				EBD53F5A1ED73C0F007510E3 /* README.md in Sources */,
				EB5621461F50B3B100398954 /* TextFieldWithPattern.swift in Sources */,
				EB8491371ED435260069CD20 /* ExampleViewController.swift in Sources */,
				EBD53F561ED6E64F007510E3 /* NKVPhoneFormatter.swift in Sources */,
				EBD60A681ED5D4170039A3AE /* NKVLocalizationHelper.swift in Sources */,
				EB8491D91ED435AB0069CD20 /* Country.swift in Sources */,
				EB8492001ED467FE0069CD20 /* NKVFlagView.swift in Sources */,
				EBEEE4E41ED62319007F9981 /* NKVSourcesHelper.swift in Sources */,
				EB8491351ED435260069CD20 /* AppDelegate.swift in Sources */,
			);
			runOnlyForDeploymentPostprocessing = 0;
		};
/* End PBXSourcesBuildPhase section */

/* Begin PBXVariantGroup section */
		EB8491381ED435260069CD20 /* Main.storyboard */ = {
			isa = PBXVariantGroup;
			children = (
				EB8491391ED435260069CD20 /* Base */,
			);
			name = Main.storyboard;
			path = .;
			sourceTree = "<group>";
		};
		EB84913D1ED435260069CD20 /* LaunchScreen.storyboard */ = {
			isa = PBXVariantGroup;
			children = (
				EB84913E1ED435260069CD20 /* Base */,
			);
			name = LaunchScreen.storyboard;
			path = .;
			sourceTree = "<group>";
		};
/* End PBXVariantGroup section */

/* Begin XCBuildConfiguration section */
		EB8491411ED435260069CD20 /* Debug */ = {
			isa = XCBuildConfiguration;
			buildSettings = {
				ALWAYS_SEARCH_USER_PATHS = NO;
				CLANG_ANALYZER_NONNULL = YES;
				CLANG_ANALYZER_NUMBER_OBJECT_CONVERSION = YES_AGGRESSIVE;
				CLANG_CXX_LANGUAGE_STANDARD = "gnu++0x";
				CLANG_CXX_LIBRARY = "libc++";
				CLANG_ENABLE_MODULES = YES;
				CLANG_ENABLE_OBJC_ARC = YES;
				CLANG_WARN_BOOL_CONVERSION = YES;
				CLANG_WARN_CONSTANT_CONVERSION = YES;
				CLANG_WARN_DIRECT_OBJC_ISA_USAGE = YES_ERROR;
				CLANG_WARN_DOCUMENTATION_COMMENTS = YES;
				CLANG_WARN_EMPTY_BODY = YES;
				CLANG_WARN_ENUM_CONVERSION = YES;
				CLANG_WARN_INFINITE_RECURSION = YES;
				CLANG_WARN_INT_CONVERSION = YES;
				CLANG_WARN_OBJC_ROOT_CLASS = YES_ERROR;
				CLANG_WARN_SUSPICIOUS_MOVE = YES;
				CLANG_WARN_UNREACHABLE_CODE = YES;
				CLANG_WARN__DUPLICATE_METHOD_MATCH = YES;
				"CODE_SIGN_IDENTITY[sdk=iphoneos*]" = "iPhone Developer";
				COPY_PHASE_STRIP = NO;
				DEBUG_INFORMATION_FORMAT = dwarf;
				ENABLE_STRICT_OBJC_MSGSEND = YES;
				ENABLE_TESTABILITY = YES;
				GCC_C_LANGUAGE_STANDARD = gnu99;
				GCC_DYNAMIC_NO_PIC = NO;
				GCC_NO_COMMON_BLOCKS = YES;
				GCC_OPTIMIZATION_LEVEL = 0;
				GCC_PREPROCESSOR_DEFINITIONS = (
					"DEBUG=1",
					"$(inherited)",
				);
				GCC_WARN_64_TO_32_BIT_CONVERSION = YES;
				GCC_WARN_ABOUT_RETURN_TYPE = YES_ERROR;
				GCC_WARN_UNDECLARED_SELECTOR = YES;
				GCC_WARN_UNINITIALIZED_AUTOS = YES_AGGRESSIVE;
				GCC_WARN_UNUSED_FUNCTION = YES;
				GCC_WARN_UNUSED_VARIABLE = YES;
				IPHONEOS_DEPLOYMENT_TARGET = 9.0;
				MTL_ENABLE_DEBUG_INFO = YES;
				ONLY_ACTIVE_ARCH = YES;
				SDKROOT = iphoneos;
				SWIFT_ACTIVE_COMPILATION_CONDITIONS = DEBUG;
				SWIFT_OPTIMIZATION_LEVEL = "-Onone";
				TARGETED_DEVICE_FAMILY = "1,2";
			};
			name = Debug;
		};
		EB8491421ED435260069CD20 /* Release */ = {
			isa = XCBuildConfiguration;
			buildSettings = {
				ALWAYS_SEARCH_USER_PATHS = NO;
				CLANG_ANALYZER_NONNULL = YES;
				CLANG_ANALYZER_NUMBER_OBJECT_CONVERSION = YES_AGGRESSIVE;
				CLANG_CXX_LANGUAGE_STANDARD = "gnu++0x";
				CLANG_CXX_LIBRARY = "libc++";
				CLANG_ENABLE_MODULES = YES;
				CLANG_ENABLE_OBJC_ARC = YES;
				CLANG_WARN_BOOL_CONVERSION = YES;
				CLANG_WARN_CONSTANT_CONVERSION = YES;
				CLANG_WARN_DIRECT_OBJC_ISA_USAGE = YES_ERROR;
				CLANG_WARN_DOCUMENTATION_COMMENTS = YES;
				CLANG_WARN_EMPTY_BODY = YES;
				CLANG_WARN_ENUM_CONVERSION = YES;
				CLANG_WARN_INFINITE_RECURSION = YES;
				CLANG_WARN_INT_CONVERSION = YES;
				CLANG_WARN_OBJC_ROOT_CLASS = YES_ERROR;
				CLANG_WARN_SUSPICIOUS_MOVE = YES;
				CLANG_WARN_UNREACHABLE_CODE = YES;
				CLANG_WARN__DUPLICATE_METHOD_MATCH = YES;
				"CODE_SIGN_IDENTITY[sdk=iphoneos*]" = "iPhone Developer";
				COPY_PHASE_STRIP = NO;
				DEBUG_INFORMATION_FORMAT = "dwarf-with-dsym";
				ENABLE_NS_ASSERTIONS = NO;
				ENABLE_STRICT_OBJC_MSGSEND = YES;
				GCC_C_LANGUAGE_STANDARD = gnu99;
				GCC_NO_COMMON_BLOCKS = YES;
				GCC_WARN_64_TO_32_BIT_CONVERSION = YES;
				GCC_WARN_ABOUT_RETURN_TYPE = YES_ERROR;
				GCC_WARN_UNDECLARED_SELECTOR = YES;
				GCC_WARN_UNINITIALIZED_AUTOS = YES_AGGRESSIVE;
				GCC_WARN_UNUSED_FUNCTION = YES;
				GCC_WARN_UNUSED_VARIABLE = YES;
				IPHONEOS_DEPLOYMENT_TARGET = 9.0;
				MTL_ENABLE_DEBUG_INFO = NO;
				SDKROOT = iphoneos;
				SWIFT_OPTIMIZATION_LEVEL = "-Owholemodule";
				TARGETED_DEVICE_FAMILY = "1,2";
				VALIDATE_PRODUCT = YES;
			};
			name = Release;
		};
		EB8491441ED435260069CD20 /* Debug */ = {
			isa = XCBuildConfiguration;
			buildSettings = {
				ASSETCATALOG_COMPILER_APPICON_NAME = AppIcon;
				DEVELOPMENT_TEAM = T4Q29AP976;
				INFOPLIST_FILE = Example/Info.plist;
				LD_RUNPATH_SEARCH_PATHS = "$(inherited) @executable_path/Frameworks";
				PRODUCT_BUNDLE_IDENTIFIER = com.NKVPhonePicker;
				PRODUCT_NAME = "$(TARGET_NAME)";
				SWIFT_VERSION = 3.0;
			};
			name = Debug;
		};
		EB8491451ED435260069CD20 /* Release */ = {
			isa = XCBuildConfiguration;
			buildSettings = {
				ASSETCATALOG_COMPILER_APPICON_NAME = AppIcon;
				DEVELOPMENT_TEAM = T4Q29AP976;
				INFOPLIST_FILE = Example/Info.plist;
				LD_RUNPATH_SEARCH_PATHS = "$(inherited) @executable_path/Frameworks";
				PRODUCT_BUNDLE_IDENTIFIER = com.NKVPhonePicker;
				PRODUCT_NAME = "$(TARGET_NAME)";
				SWIFT_OPTIMIZATION_LEVEL = "-Owholemodule";
				SWIFT_VERSION = 3.0;
			};
			name = Release;
		};
/* End XCBuildConfiguration section */

/* Begin XCConfigurationList section */
		EB84912C1ED435260069CD20 /* Build configuration list for PBXProject "NKVPhonePicker" */ = {
			isa = XCConfigurationList;
			buildConfigurations = (
				EB8491411ED435260069CD20 /* Debug */,
				EB8491421ED435260069CD20 /* Release */,
			);
			defaultConfigurationIsVisible = 0;
			defaultConfigurationName = Release;
		};
		EB8491431ED435260069CD20 /* Build configuration list for PBXNativeTarget "NKVPhonePicker" */ = {
			isa = XCConfigurationList;
			buildConfigurations = (
				EB8491441ED435260069CD20 /* Debug */,
				EB8491451ED435260069CD20 /* Release */,
			);
			defaultConfigurationIsVisible = 0;
			defaultConfigurationName = Release;
		};
/* End XCConfigurationList section */
	};
	rootObject = EB8491291ED435260069CD20 /* Project object */;
}
